
Microsoft Visual Studio Solution File, Format Version 12.00
# Visual Studio Version 17
VisualStudioVersion = 17.5.33516.290
MinimumVisualStudioVersion = 10.0.40219.1
Project("{FAE04EC0-301F-11D3-BF4B-00C04F79EFBC}") = "ShopOfPhone", "ShopOfPhone\ShopOfPhone.csproj", "{A12A665C-289E-4266-84CF-8B572EAACC96}"
EndProject
Global
	GlobalSection(SolutionConfigurationPlatforms) = preSolution
		Debug|Any CPU = Debug|Any CPU
		Release|Any CPU = Release|Any CPU
	EndGlobalSection
	GlobalSection(ProjectConfigurationPlatforms) = postSolution
		{A12A665C-289E-4266-84CF-8B572EAACC96}.Debug|Any CPU.ActiveCfg = Debug|Any CPU
		{A12A665C-289E-4266-84CF-8B572EAACC96}.Debug|Any CPU.Build.0 = Debug|Any CPU
		{A12A665C-289E-4266-84CF-8B572EAACC96}.Release|Any CPU.ActiveCfg = Release|Any CPU
		{A12A665C-289E-4266-84CF-8B572EAACC96}.Release|Any CPU.Build.0 = Release|Any CPU
	EndGlobalSection
	GlobalSection(SolutionProperties) = preSolution
		HideSolutionNode = FALSE
	EndGlobalSection
	GlobalSection(ExtensibilityGlobals) = postSolution
		SolutionGuid = {1973E542-6C63-4A9F-9180-AA28F63E5178}
	EndGlobalSection
EndGlobal
